
Microsoft Visual Studio Solution File, Format Version 12.00
# Visual Studio Version 16
VisualStudioVersion = 16.0.29403.142
MinimumVisualStudioVersion = 10.0.40219.1
Project("{FAE04EC0-301F-11D3-BF4B-00C04F79EFBC}") = "Week10Tema2", "Week10Tema2.csproj", "{D0318618-9B5D-4A84-88F7-4394C273ED12}"
EndProject
Global
	GlobalSection(SolutionConfigurationPlatforms) = preSolution
		Debug|Any CPU = Debug|Any CPU
		Release|Any CPU = Release|Any CPU
	EndGlobalSection
	GlobalSection(ProjectConfigurationPlatforms) = postSolution
		{D0318618-9B5D-4A84-88F7-4394C273ED12}.Debug|Any CPU.ActiveCfg = Debug|Any CPU
		{D0318618-9B5D-4A84-88F7-4394C273ED12}.Debug|Any CPU.Build.0 = Debug|Any CPU
		{D0318618-9B5D-4A84-88F7-4394C273ED12}.Release|Any CPU.ActiveCfg = Release|Any CPU
		{D0318618-9B5D-4A84-88F7-4394C273ED12}.Release|Any CPU.Build.0 = Release|Any CPU
	EndGlobalSection
	GlobalSection(SolutionProperties) = preSolution
		HideSolutionNode = FALSE
	EndGlobalSection
	GlobalSection(ExtensibilityGlobals) = postSolution
		SolutionGuid = {A5D48DE0-929B-4615-8EE0-8A9B907E1291}
	EndGlobalSection
EndGlobal
